
Microsoft Visual Studio Solution File, Format Version 12.00
# Visual Studio Version 17
VisualStudioVersion = 17.1.32328.378
MinimumVisualStudioVersion = 10.0.40219.1
Project("{FAE04EC0-301F-11D3-BF4B-00C04F79EFBC}") = "TestGitMarien", "TestGitMarien\TestGitMarien.csproj", "{B1C78805-B7D0-4AED-AE82-8E03F24A5777}"
EndProject
Global
	GlobalSection(SolutionConfigurationPlatforms) = preSolution
		Debug|Any CPU = Debug|Any CPU
		Release|Any CPU = Release|Any CPU
	EndGlobalSection
	GlobalSection(ProjectConfigurationPlatforms) = postSolution
		{B1C78805-B7D0-4AED-AE82-8E03F24A5777}.Debug|Any CPU.ActiveCfg = Debug|Any CPU
		{B1C78805-B7D0-4AED-AE82-8E03F24A5777}.Debug|Any CPU.Build.0 = Debug|Any CPU
		{B1C78805-B7D0-4AED-AE82-8E03F24A5777}.Release|Any CPU.ActiveCfg = Release|Any CPU
		{B1C78805-B7D0-4AED-AE82-8E03F24A5777}.Release|Any CPU.Build.0 = Release|Any CPU
	EndGlobalSection
	GlobalSection(SolutionProperties) = preSolution
		HideSolutionNode = FALSE
	EndGlobalSection
	GlobalSection(ExtensibilityGlobals) = postSolution
		SolutionGuid = {E43566F1-7008-41C8-B4F4-AC641031CDD5}
	EndGlobalSection
EndGlobal
